// !$*UTF8*$!
{
	archiveVersion = 1;
	classes = {
	};
	objectVersion = 51;
	objects = {

/* Begin PBXBuildFile section */
		7F69EA1824E72B0300ABB112 /* FinanceDetailViewController.swift in Sources */ = {isa = PBXBuildFile; fileRef = 7F69EA1724E72B0300ABB112 /* FinanceDetailViewController.swift */; };
		7F6B96E624EBF882008024C7 /* Main.storyboard in Resources */ = {isa = PBXBuildFile; fileRef = 7F6B96E524EBF882008024C7 /* Main.storyboard */; };
		7F6B96E824EBF946008024C7 /* MainTabBarViewController.swift in Sources */ = {isa = PBXBuildFile; fileRef = 7F6B96E724EBF946008024C7 /* MainTabBarViewController.swift */; };
		7F6B96EA24EC0CB8008024C7 /* FinanceNavigationController.swift in Sources */ = {isa = PBXBuildFile; fileRef = 7F6B96E924EC0CB8008024C7 /* FinanceNavigationController.swift */; };
		7F91C4CD24DDC030006F1824 /* AppDelegate.swift in Sources */ = {isa = PBXBuildFile; fileRef = 7F91C4CC24DDC030006F1824 /* AppDelegate.swift */; };
		7F91C4CF24DDC030006F1824 /* SceneDelegate.swift in Sources */ = {isa = PBXBuildFile; fileRef = 7F91C4CE24DDC030006F1824 /* SceneDelegate.swift */; };
		7F91C4D124DDC030006F1824 /* StockViewController.swift in Sources */ = {isa = PBXBuildFile; fileRef = 7F91C4D024DDC030006F1824 /* StockViewController.swift */; };
		7F91C4D424DDC030006F1824 /* Finance.storyboard in Resources */ = {isa = PBXBuildFile; fileRef = 7F91C4D224DDC030006F1824 /* Finance.storyboard */; };
		7F91C4D724DDC030006F1824 /* FinanceApp.xcdatamodeld in Sources */ = {isa = PBXBuildFile; fileRef = 7F91C4D524DDC030006F1824 /* FinanceApp.xcdatamodeld */; };
		7F91C4D924DDC033006F1824 /* Assets.xcassets in Resources */ = {isa = PBXBuildFile; fileRef = 7F91C4D824DDC033006F1824 /* Assets.xcassets */; };
		7F91C4DC24DDC033006F1824 /* LaunchScreen.storyboard in Resources */ = {isa = PBXBuildFile; fileRef = 7F91C4DA24DDC033006F1824 /* LaunchScreen.storyboard */; };
		7F91C4E624DDC32D006F1824 /* ViewModel.swift in Sources */ = {isa = PBXBuildFile; fileRef = 7F91C4E524DDC32D006F1824 /* ViewModel.swift */; };
		7F91C4E824DDC586006F1824 /* Stock.swift in Sources */ = {isa = PBXBuildFile; fileRef = 7F91C4E724DDC586006F1824 /* Stock.swift */; };
		7FABA75A24E6BF5600B853D4 /* StockTableViewCell.swift in Sources */ = {isa = PBXBuildFile; fileRef = 7FABA75924E6BF5600B853D4 /* StockTableViewCell.swift */; };
		7FCA5A4724EC221E00D92332 /* MusicSearchViewController.swift in Sources */ = {isa = PBXBuildFile; fileRef = 7FCA5A4024EC221E00D92332 /* MusicSearchViewController.swift */; };
		7FCA5A4824EC221E00D92332 /* MusicTableViewCell.swift in Sources */ = {isa = PBXBuildFile; fileRef = 7FCA5A4124EC221E00D92332 /* MusicTableViewCell.swift */; };
		7FCA5A4924EC221E00D92332 /* TrackInfo.swift in Sources */ = {isa = PBXBuildFile; fileRef = 7FCA5A4224EC221E00D92332 /* TrackInfo.swift */; };
		7FCA5A4A24EC221E00D92332 /* Music.storyboard in Resources */ = {isa = PBXBuildFile; fileRef = 7FCA5A4324EC221E00D92332 /* Music.storyboard */; };
		7FCA5A4B24EC221E00D92332 /* TrackResultViewController.swift in Sources */ = {isa = PBXBuildFile; fileRef = 7FCA5A4424EC221E00D92332 /* TrackResultViewController.swift */; };
		7FCA5A4C24EC221E00D92332 /* MusicViewModel.swift in Sources */ = {isa = PBXBuildFile; fileRef = 7FCA5A4524EC221E00D92332 /* MusicViewModel.swift */; };
		7FCA5A4F24EC251B00D92332 /* APIHandler.swift in Sources */ = {isa = PBXBuildFile; fileRef = 7FCA5A4E24EC251B00D92332 /* APIHandler.swift */; };
		7FCA5AF224F4CB3000D92332 /* MyCell.swift in Sources */ = {isa = PBXBuildFile; fileRef = 7FCA5AED24F4CB3000D92332 /* MyCell.swift */; };
		7FCA5AF324F4CB3000D92332 /* MovieViewController.swift in Sources */ = {isa = PBXBuildFile; fileRef = 7FCA5AEE24F4CB3000D92332 /* MovieViewController.swift */; };
		7FCA5AF424F4CB3000D92332 /* MovieInfo.swift in Sources */ = {isa = PBXBuildFile; fileRef = 7FCA5AEF24F4CB3000D92332 /* MovieInfo.swift */; };
		7FCA5AF524F4CB3000D92332 /* MovieViewModel.swift in Sources */ = {isa = PBXBuildFile; fileRef = 7FCA5AF024F4CB3000D92332 /* MovieViewModel.swift */; };
		7FCA5AF624F4CB3000D92332 /* Movie.storyboard in Resources */ = {isa = PBXBuildFile; fileRef = 7FCA5AF124F4CB3000D92332 /* Movie.storyboard */; };
		7FCA5B0024F4CEE800D92332 /* MovieNavigationController.swift in Sources */ = {isa = PBXBuildFile; fileRef = 7FCA5AFF24F4CEE800D92332 /* MovieNavigationController.swift */; };
		E0E687B59CB6639764444964 /* Pods_FinanceApp.framework in Frameworks */ = {isa = PBXBuildFile; fileRef = 3E5154EE46AD69EBA0329F84 /* Pods_FinanceApp.framework */; };
/* End PBXBuildFile section */

/* Begin PBXFileReference section */
		3E5154EE46AD69EBA0329F84 /* Pods_FinanceApp.framework */ = {isa = PBXFileReference; explicitFileType = wrapper.framework; includeInIndex = 0; path = Pods_FinanceApp.framework; sourceTree = BUILT_PRODUCTS_DIR; };
		7F69EA1724E72B0300ABB112 /* FinanceDetailViewController.swift */ = {isa = PBXFileReference; lastKnownFileType = sourcecode.swift; path = FinanceDetailViewController.swift; sourceTree = "<group>"; };
		7F6B96E524EBF882008024C7 /* Main.storyboard */ = {isa = PBXFileReference; lastKnownFileType = file.storyboard; path = Main.storyboard; sourceTree = "<group>"; };
		7F6B96E724EBF946008024C7 /* MainTabBarViewController.swift */ = {isa = PBXFileReference; lastKnownFileType = sourcecode.swift; path = MainTabBarViewController.swift; sourceTree = "<group>"; };
		7F6B96E924EC0CB8008024C7 /* FinanceNavigationController.swift */ = {isa = PBXFileReference; lastKnownFileType = sourcecode.swift; path = FinanceNavigationController.swift; sourceTree = "<group>"; };
		7F91C4C924DDC030006F1824 /* FinanceApp.app */ = {isa = PBXFileReference; explicitFileType = wrapper.application; includeInIndex = 0; path = FinanceApp.app; sourceTree = BUILT_PRODUCTS_DIR; };
		7F91C4CC24DDC030006F1824 /* AppDelegate.swift */ = {isa = PBXFileReference; lastKnownFileType = sourcecode.swift; path = AppDelegate.swift; sourceTree = "<group>"; };
		7F91C4CE24DDC030006F1824 /* SceneDelegate.swift */ = {isa = PBXFileReference; lastKnownFileType = sourcecode.swift; path = SceneDelegate.swift; sourceTree = "<group>"; };
		7F91C4D024DDC030006F1824 /* StockViewController.swift */ = {isa = PBXFileReference; lastKnownFileType = sourcecode.swift; path = StockViewController.swift; sourceTree = "<group>"; };
		7F91C4D324DDC030006F1824 /* Base */ = {isa = PBXFileReference; lastKnownFileType = file.storyboard; name = Base; path = Base.lproj/Finance.storyboard; sourceTree = "<group>"; };
		7F91C4D624DDC030006F1824 /* FinanceApp.xcdatamodel */ = {isa = PBXFileReference; lastKnownFileType = wrapper.xcdatamodel; path = FinanceApp.xcdatamodel; sourceTree = "<group>"; };
		7F91C4D824DDC033006F1824 /* Assets.xcassets */ = {isa = PBXFileReference; lastKnownFileType = folder.assetcatalog; path = Assets.xcassets; sourceTree = "<group>"; };
		7F91C4DB24DDC033006F1824 /* Base */ = {isa = PBXFileReference; lastKnownFileType = file.storyboard; name = Base; path = Base.lproj/LaunchScreen.storyboard; sourceTree = "<group>"; };
		7F91C4DD24DDC033006F1824 /* Info.plist */ = {isa = PBXFileReference; lastKnownFileType = text.plist.xml; path = Info.plist; sourceTree = "<group>"; };
		7F91C4E524DDC32D006F1824 /* ViewModel.swift */ = {isa = PBXFileReference; lastKnownFileType = sourcecode.swift; path = ViewModel.swift; sourceTree = "<group>"; };
		7F91C4E724DDC586006F1824 /* Stock.swift */ = {isa = PBXFileReference; lastKnownFileType = sourcecode.swift; path = Stock.swift; sourceTree = "<group>"; };
		7FABA75924E6BF5600B853D4 /* StockTableViewCell.swift */ = {isa = PBXFileReference; lastKnownFileType = sourcecode.swift; path = StockTableViewCell.swift; sourceTree = "<group>"; };
		7FCA5A4024EC221E00D92332 /* MusicSearchViewController.swift */ = {isa = PBXFileReference; fileEncoding = 4; lastKnownFileType = sourcecode.swift; path = MusicSearchViewController.swift; sourceTree = "<group>"; };
		7FCA5A4124EC221E00D92332 /* MusicTableViewCell.swift */ = {isa = PBXFileReference; fileEncoding = 4; lastKnownFileType = sourcecode.swift; path = MusicTableViewCell.swift; sourceTree = "<group>"; };
		7FCA5A4224EC221E00D92332 /* TrackInfo.swift */ = {isa = PBXFileReference; fileEncoding = 4; lastKnownFileType = sourcecode.swift; path = TrackInfo.swift; sourceTree = "<group>"; };
		7FCA5A4324EC221E00D92332 /* Music.storyboard */ = {isa = PBXFileReference; fileEncoding = 4; lastKnownFileType = file.storyboard; path = Music.storyboard; sourceTree = "<group>"; };
		7FCA5A4424EC221E00D92332 /* TrackResultViewController.swift */ = {isa = PBXFileReference; fileEncoding = 4; lastKnownFileType = sourcecode.swift; path = TrackResultViewController.swift; sourceTree = "<group>"; };
		7FCA5A4524EC221E00D92332 /* MusicViewModel.swift */ = {isa = PBXFileReference; fileEncoding = 4; lastKnownFileType = sourcecode.swift; path = MusicViewModel.swift; sourceTree = "<group>"; };
		7FCA5A4E24EC251B00D92332 /* APIHandler.swift */ = {isa = PBXFileReference; fileEncoding = 4; lastKnownFileType = sourcecode.swift; path = APIHandler.swift; sourceTree = "<group>"; };
		7FCA5AED24F4CB3000D92332 /* MyCell.swift */ = {isa = PBXFileReference; fileEncoding = 4; lastKnownFileType = sourcecode.swift; path = MyCell.swift; sourceTree = "<group>"; };
		7FCA5AEE24F4CB3000D92332 /* MovieViewController.swift */ = {isa = PBXFileReference; fileEncoding = 4; lastKnownFileType = sourcecode.swift; path = MovieViewController.swift; sourceTree = "<group>"; };
		7FCA5AEF24F4CB3000D92332 /* MovieInfo.swift */ = {isa = PBXFileReference; fileEncoding = 4; lastKnownFileType = sourcecode.swift; path = MovieInfo.swift; sourceTree = "<group>"; };
		7FCA5AF024F4CB3000D92332 /* MovieViewModel.swift */ = {isa = PBXFileReference; fileEncoding = 4; lastKnownFileType = sourcecode.swift; path = MovieViewModel.swift; sourceTree = "<group>"; };
		7FCA5AF124F4CB3000D92332 /* Movie.storyboard */ = {isa = PBXFileReference; fileEncoding = 4; lastKnownFileType = file.storyboard; path = Movie.storyboard; sourceTree = "<group>"; };
		7FCA5AFF24F4CEE800D92332 /* MovieNavigationController.swift */ = {isa = PBXFileReference; lastKnownFileType = sourcecode.swift; path = MovieNavigationController.swift; sourceTree = "<group>"; };
		8F854FD96B9BD04146C64B56 /* Pods-FinanceApp.release.xcconfig */ = {isa = PBXFileReference; includeInIndex = 1; lastKnownFileType = text.xcconfig; name = "Pods-FinanceApp.release.xcconfig"; path = "Target Support Files/Pods-FinanceApp/Pods-FinanceApp.release.xcconfig"; sourceTree = "<group>"; };
		C6BBCFF61D24C36059738443 /* Pods-FinanceApp.debug.xcconfig */ = {isa = PBXFileReference; includeInIndex = 1; lastKnownFileType = text.xcconfig; name = "Pods-FinanceApp.debug.xcconfig"; path = "Target Support Files/Pods-FinanceApp/Pods-FinanceApp.debug.xcconfig"; sourceTree = "<group>"; };
/* End PBXFileReference section */

/* Begin PBXFrameworksBuildPhase section */
		7F91C4C624DDC030006F1824 /* Frameworks */ = {
			isa = PBXFrameworksBuildPhase;
			buildActionMask = 2147483647;
			files = (
				E0E687B59CB6639764444964 /* Pods_FinanceApp.framework in Frameworks */,
			);
			runOnlyForDeploymentPostprocessing = 0;
		};
/* End PBXFrameworksBuildPhase section */

/* Begin PBXGroup section */
		7F91C4C024DDC030006F1824 = {
			isa = PBXGroup;
			children = (
				7F91C4CB24DDC030006F1824 /* FinanceApp */,
				7F91C4CA24DDC030006F1824 /* Products */,
				908DE7DEB5A1FEFE4DE3DECB /* Pods */,
				9F3EF68EF56C4B231EC857FE /* Frameworks */,
			);
			sourceTree = "<group>";
		};
		7F91C4CA24DDC030006F1824 /* Products */ = {
			isa = PBXGroup;
			children = (
				7F91C4C924DDC030006F1824 /* FinanceApp.app */,
			);
			name = Products;
			sourceTree = "<group>";
		};
		7F91C4CB24DDC030006F1824 /* FinanceApp */ = {
			isa = PBXGroup;
			children = (
				7F91C4CC24DDC030006F1824 /* AppDelegate.swift */,
				7F91C4CE24DDC030006F1824 /* SceneDelegate.swift */,
				7FCA5A4E24EC251B00D92332 /* APIHandler.swift */,
				7F6B96E724EBF946008024C7 /* MainTabBarViewController.swift */,
				7FCA5A3F24EC221E00D92332 /* Music */,
				7FABA75B24E707B900B853D4 /* Stock */,
				7FCA5AEC24F4CB3000D92332 /* Movie */,
				7F91C4D824DDC033006F1824 /* Assets.xcassets */,
				7F6B96E524EBF882008024C7 /* Main.storyboard */,
				7F91C4DA24DDC033006F1824 /* LaunchScreen.storyboard */,
				7F91C4DD24DDC033006F1824 /* Info.plist */,
				7F91C4D524DDC030006F1824 /* FinanceApp.xcdatamodeld */,
			);
			path = FinanceApp;
			sourceTree = "<group>";
		};
		7FABA75B24E707B900B853D4 /* Stock */ = {
			isa = PBXGroup;
			children = (
				7F91C4D024DDC030006F1824 /* StockViewController.swift */,
				7FABA75924E6BF5600B853D4 /* StockTableViewCell.swift */,
				7F91C4E524DDC32D006F1824 /* ViewModel.swift */,
				7F91C4E724DDC586006F1824 /* Stock.swift */,
				7F69EA1724E72B0300ABB112 /* FinanceDetailViewController.swift */,
				7F91C4D224DDC030006F1824 /* Finance.storyboard */,
				7F6B96E924EC0CB8008024C7 /* FinanceNavigationController.swift */,
			);
			path = Stock;
			sourceTree = "<group>";
		};
		7FCA5A3F24EC221E00D92332 /* Music */ = {
			isa = PBXGroup;
			children = (
				7FCA5A4024EC221E00D92332 /* MusicSearchViewController.swift */,
				7FCA5A4124EC221E00D92332 /* MusicTableViewCell.swift */,
				7FCA5A4224EC221E00D92332 /* TrackInfo.swift */,
				7FCA5A4324EC221E00D92332 /* Music.storyboard */,
				7FCA5A4424EC221E00D92332 /* TrackResultViewController.swift */,
				7FCA5A4524EC221E00D92332 /* MusicViewModel.swift */,
			);
			path = Music;
			sourceTree = "<group>";
		};
		7FCA5AEC24F4CB3000D92332 /* Movie */ = {
			isa = PBXGroup;
			children = (
				7FCA5AED24F4CB3000D92332 /* MyCell.swift */,
				7FCA5AEE24F4CB3000D92332 /* MovieViewController.swift */,
				7FCA5AEF24F4CB3000D92332 /* MovieInfo.swift */,
				7FCA5AF024F4CB3000D92332 /* MovieViewModel.swift */,
				7FCA5AF124F4CB3000D92332 /* Movie.storyboard */,
				7FCA5AFF24F4CEE800D92332 /* MovieNavigationController.swift */,
			);
			path = Movie;
			sourceTree = "<group>";
		};
		908DE7DEB5A1FEFE4DE3DECB /* Pods */ = {
			isa = PBXGroup;
			children = (
				C6BBCFF61D24C36059738443 /* Pods-FinanceApp.debug.xcconfig */,
				8F854FD96B9BD04146C64B56 /* Pods-FinanceApp.release.xcconfig */,
			);
			path = Pods;
			sourceTree = "<group>";
		};
		9F3EF68EF56C4B231EC857FE /* Frameworks */ = {
			isa = PBXGroup;
			children = (
				3E5154EE46AD69EBA0329F84 /* Pods_FinanceApp.framework */,
			);
			name = Frameworks;
			sourceTree = "<group>";
		};
/* End PBXGroup section */

/* Begin PBXNativeTarget section */
		7F91C4C824DDC030006F1824 /* FinanceApp */ = {
			isa = PBXNativeTarget;
			buildConfigurationList = 7F91C4E024DDC033006F1824 /* Build configuration list for PBXNativeTarget "FinanceApp" */;
			buildPhases = (
				A251654A7CFD20E082FACE0E /* [CP] Check Pods Manifest.lock */,
				7F91C4C524DDC030006F1824 /* Sources */,
				7F91C4C624DDC030006F1824 /* Frameworks */,
				7F91C4C724DDC030006F1824 /* Resources */,
				3F3707EEAB387304C083D578 /* [CP] Embed Pods Frameworks */,
			);
			buildRules = (
			);
			dependencies = (
			);
			name = FinanceApp;
			productName = FinanceApp;
			productReference = 7F91C4C924DDC030006F1824 /* FinanceApp.app */;
			productType = "com.apple.product-type.application";
		};
/* End PBXNativeTarget section */

/* Begin PBXProject section */
		7F91C4C124DDC030006F1824 /* Project object */ = {
			isa = PBXProject;
			attributes = {
				LastSwiftUpdateCheck = 1150;
				LastUpgradeCheck = 1150;
				ORGANIZATIONNAME = "Nulrybek Karshyga";
				TargetAttributes = {
					7F91C4C824DDC030006F1824 = {
						CreatedOnToolsVersion = 11.5;
						LastSwiftMigration = 1150;
					};
				};
			};
			buildConfigurationList = 7F91C4C424DDC030006F1824 /* Build configuration list for PBXProject "FinanceApp" */;
			compatibilityVersion = "Xcode 9.3";
			developmentRegion = en;
			hasScannedForEncodings = 0;
			knownRegions = (
				en,
				Base,
			);
			mainGroup = 7F91C4C024DDC030006F1824;
			productRefGroup = 7F91C4CA24DDC030006F1824 /* Products */;
			projectDirPath = "";
			projectRoot = "";
			targets = (
				7F91C4C824DDC030006F1824 /* FinanceApp */,
			);
		};
/* End PBXProject section */

/* Begin PBXResourcesBuildPhase section */
		7F91C4C724DDC030006F1824 /* Resources */ = {
			isa = PBXResourcesBuildPhase;
			buildActionMask = 2147483647;
			files = (
				7F91C4DC24DDC033006F1824 /* LaunchScreen.storyboard in Resources */,
				7FCA5AF624F4CB3000D92332 /* Movie.storyboard in Resources */,
				7FCA5A4A24EC221E00D92332 /* Music.storyboard in Resources */,
				7F6B96E624EBF882008024C7 /* Main.storyboard in Resources */,
				7F91C4D924DDC033006F1824 /* Assets.xcassets in Resources */,
				7F91C4D424DDC030006F1824 /* Finance.storyboard in Resources */,
			);
			runOnlyForDeploymentPostprocessing = 0;
		};
/* End PBXResourcesBuildPhase section */

/* Begin PBXShellScriptBuildPhase section */
		3F3707EEAB387304C083D578 /* [CP] Embed Pods Frameworks */ = {
			isa = PBXShellScriptBuildPhase;
			buildActionMask = 2147483647;
			files = (
			);
			inputFileListPaths = (
				"${PODS_ROOT}/Target Support Files/Pods-FinanceApp/Pods-FinanceApp-frameworks-${CONFIGURATION}-input-files.xcfilelist",
			);
			name = "[CP] Embed Pods Frameworks";
			outputFileListPaths = (
				"${PODS_ROOT}/Target Support Files/Pods-FinanceApp/Pods-FinanceApp-frameworks-${CONFIGURATION}-output-files.xcfilelist",
			);
			runOnlyForDeploymentPostprocessing = 0;
			shellPath = /bin/sh;
			shellScript = "\"${PODS_ROOT}/Target Support Files/Pods-FinanceApp/Pods-FinanceApp-frameworks.sh\"\n";
			showEnvVarsInLog = 0;
		};
		A251654A7CFD20E082FACE0E /* [CP] Check Pods Manifest.lock */ = {
			isa = PBXShellScriptBuildPhase;
			buildActionMask = 2147483647;
			files = (
			);
			inputFileListPaths = (
			);
			inputPaths = (
				"${PODS_PODFILE_DIR_PATH}/Podfile.lock",
				"${PODS_ROOT}/Manifest.lock",
			);
			name = "[CP] Check Pods Manifest.lock";
			outputFileListPaths = (
			);
			outputPaths = (
				"$(DERIVED_FILE_DIR)/Pods-FinanceApp-checkManifestLockResult.txt",
			);
			runOnlyForDeploymentPostprocessing = 0;
			shellPath = /bin/sh;
			shellScript = "diff \"${PODS_PODFILE_DIR_PATH}/Podfile.lock\" \"${PODS_ROOT}/Manifest.lock\" > /dev/null\nif [ $? != 0 ] ; then\n    # print error to STDERR\n    echo \"error: The sandbox is not in sync with the Podfile.lock. Run 'pod install' or update your CocoaPods installation.\" >&2\n    exit 1\nfi\n# This output is used by Xcode 'outputs' to avoid re-running this script phase.\necho \"SUCCESS\" > \"${SCRIPT_OUTPUT_FILE_0}\"\n";
			showEnvVarsInLog = 0;
		};
/* End PBXShellScriptBuildPhase section */

/* Begin PBXSourcesBuildPhase section */
		7F91C4C524DDC030006F1824 /* Sources */ = {
			isa = PBXSourcesBuildPhase;
			buildActionMask = 2147483647;
			files = (
				7F91C4D724DDC030006F1824 /* FinanceApp.xcdatamodeld in Sources */,
				7FCA5AF424F4CB3000D92332 /* MovieInfo.swift in Sources */,
				7F91C4D124DDC030006F1824 /* StockViewController.swift in Sources */,
				7F6B96EA24EC0CB8008024C7 /* FinanceNavigationController.swift in Sources */,
				7FCA5AF224F4CB3000D92332 /* MyCell.swift in Sources */,
				7F69EA1824E72B0300ABB112 /* FinanceDetailViewController.swift in Sources */,
				7FCA5AF324F4CB3000D92332 /* MovieViewController.swift in Sources */,
				7FCA5A4724EC221E00D92332 /* MusicSearchViewController.swift in Sources */,
				7FCA5B0024F4CEE800D92332 /* MovieNavigationController.swift in Sources */,
				7FABA75A24E6BF5600B853D4 /* StockTableViewCell.swift in Sources */,
				7FCA5A4B24EC221E00D92332 /* TrackResultViewController.swift in Sources */,
				7F91C4E824DDC586006F1824 /* Stock.swift in Sources */,
				7FCA5AF524F4CB3000D92332 /* MovieViewModel.swift in Sources */,
				7FCA5A4924EC221E00D92332 /* TrackInfo.swift in Sources */,
				7F6B96E824EBF946008024C7 /* MainTabBarViewController.swift in Sources */,
				7F91C4CD24DDC030006F1824 /* AppDelegate.swift in Sources */,
				7FCA5A4C24EC221E00D92332 /* MusicViewModel.swift in Sources */,
				7F91C4E624DDC32D006F1824 /* ViewModel.swift in Sources */,
				7FCA5A4824EC221E00D92332 /* MusicTableViewCell.swift in Sources */,
				7FCA5A4F24EC251B00D92332 /* APIHandler.swift in Sources */,
				7F91C4CF24DDC030006F1824 /* SceneDelegate.swift in Sources */,
			);
			runOnlyForDeploymentPostprocessing = 0;
		};
/* End PBXSourcesBuildPhase section */

/* Begin PBXVariantGroup section */
		7F91C4D224DDC030006F1824 /* Finance.storyboard */ = {
			isa = PBXVariantGroup;
			children = (
				7F91C4D324DDC030006F1824 /* Base */,
			);
			name = Finance.storyboard;
			sourceTree = "<group>";
		};
		7F91C4DA24DDC033006F1824 /* LaunchScreen.storyboard */ = {
			isa = PBXVariantGroup;
			children = (
				7F91C4DB24DDC033006F1824 /* Base */,
			);
			name = LaunchScreen.storyboard;
			sourceTree = "<group>";
		};
/* End PBXVariantGroup section */

/* Begin XCBuildConfiguration section */
		7F91C4DE24DDC033006F1824 /* Debug */ = {
			isa = XCBuildConfiguration;
			buildSettings = {
				ALWAYS_SEARCH_USER_PATHS = NO;
				CLANG_ANALYZER_NONNULL = YES;
				CLANG_ANALYZER_NUMBER_OBJECT_CONVERSION = YES_AGGRESSIVE;
				CLANG_CXX_LANGUAGE_STANDARD = "gnu++14";
				CLANG_CXX_LIBRARY = "libc++";
				CLANG_ENABLE_MODULES = YES;
				CLANG_ENABLE_OBJC_ARC = YES;
				CLANG_ENABLE_OBJC_WEAK = YES;
				CLANG_WARN_BLOCK_CAPTURE_AUTORELEASING = YES;
				CLANG_WARN_BOOL_CONVERSION = YES;
				CLANG_WARN_COMMA = YES;
				CLANG_WARN_CONSTANT_CONVERSION = YES;
				CLANG_WARN_DEPRECATED_OBJC_IMPLEMENTATIONS = YES;
				CLANG_WARN_DIRECT_OBJC_ISA_USAGE = YES_ERROR;
				CLANG_WARN_DOCUMENTATION_COMMENTS = YES;
				CLANG_WARN_EMPTY_BODY = YES;
				CLANG_WARN_ENUM_CONVERSION = YES;
				CLANG_WARN_INFINITE_RECURSION = YES;
				CLANG_WARN_INT_CONVERSION = YES;
				CLANG_WARN_NON_LITERAL_NULL_CONVERSION = YES;
				CLANG_WARN_OBJC_IMPLICIT_RETAIN_SELF = YES;
				CLANG_WARN_OBJC_LITERAL_CONVERSION = YES;
				CLANG_WARN_OBJC_ROOT_CLASS = YES_ERROR;
				CLANG_WARN_RANGE_LOOP_ANALYSIS = YES;
				CLANG_WARN_STRICT_PROTOTYPES = YES;
				CLANG_WARN_SUSPICIOUS_MOVE = YES;
				CLANG_WARN_UNGUARDED_AVAILABILITY = YES_AGGRESSIVE;
				CLANG_WARN_UNREACHABLE_CODE = YES;
				CLANG_WARN__DUPLICATE_METHOD_MATCH = YES;
				COPY_PHASE_STRIP = NO;
				DEBUG_INFORMATION_FORMAT = dwarf;
				ENABLE_STRICT_OBJC_MSGSEND = YES;
				ENABLE_TESTABILITY = YES;
				GCC_C_LANGUAGE_STANDARD = gnu11;
				GCC_DYNAMIC_NO_PIC = NO;
				GCC_NO_COMMON_BLOCKS = YES;
				GCC_OPTIMIZATION_LEVEL = 0;
				GCC_PREPROCESSOR_DEFINITIONS = (
					"DEBUG=1",
					"$(inherited)",
				);
				GCC_WARN_64_TO_32_BIT_CONVERSION = YES;
				GCC_WARN_ABOUT_RETURN_TYPE = YES_ERROR;
				GCC_WARN_UNDECLARED_SELECTOR = YES;
				GCC_WARN_UNINITIALIZED_AUTOS = YES_AGGRESSIVE;
				GCC_WARN_UNUSED_FUNCTION = YES;
				GCC_WARN_UNUSED_VARIABLE = YES;
				IPHONEOS_DEPLOYMENT_TARGET = 13.5;
				MTL_ENABLE_DEBUG_INFO = INCLUDE_SOURCE;
				MTL_FAST_MATH = YES;
				ONLY_ACTIVE_ARCH = YES;
				SDKROOT = iphoneos;
				SWIFT_ACTIVE_COMPILATION_CONDITIONS = DEBUG;
				SWIFT_OPTIMIZATION_LEVEL = "-Onone";
			};
			name = Debug;
		};
		7F91C4DF24DDC033006F1824 /* Release */ = {
			isa = XCBuildConfiguration;
			buildSettings = {
				ALWAYS_SEARCH_USER_PATHS = NO;
				CLANG_ANALYZER_NONNULL = YES;
				CLANG_ANALYZER_NUMBER_OBJECT_CONVERSION = YES_AGGRESSIVE;
				CLANG_CXX_LANGUAGE_STANDARD = "gnu++14";
				CLANG_CXX_LIBRARY = "libc++";
				CLANG_ENABLE_MODULES = YES;
				CLANG_ENABLE_OBJC_ARC = YES;
				CLANG_ENABLE_OBJC_WEAK = YES;
				CLANG_WARN_BLOCK_CAPTURE_AUTORELEASING = YES;
				CLANG_WARN_BOOL_CONVERSION = YES;
				CLANG_WARN_COMMA = YES;
				CLANG_WARN_CONSTANT_CONVERSION = YES;
				CLANG_WARN_DEPRECATED_OBJC_IMPLEMENTATIONS = YES;
				CLANG_WARN_DIRECT_OBJC_ISA_USAGE = YES_ERROR;
				CLANG_WARN_DOCUMENTATION_COMMENTS = YES;
				CLANG_WARN_EMPTY_BODY = YES;
				CLANG_WARN_ENUM_CONVERSION = YES;
				CLANG_WARN_INFINITE_RECURSION = YES;
				CLANG_WARN_INT_CONVERSION = YES;
				CLANG_WARN_NON_LITERAL_NULL_CONVERSION = YES;
				CLANG_WARN_OBJC_IMPLICIT_RETAIN_SELF = YES;
				CLANG_WARN_OBJC_LITERAL_CONVERSION = YES;
				CLANG_WARN_OBJC_ROOT_CLASS = YES_ERROR;
				CLANG_WARN_RANGE_LOOP_ANALYSIS = YES;
				CLANG_WARN_STRICT_PROTOTYPES = YES;
				CLANG_WARN_SUSPICIOUS_MOVE = YES;
				CLANG_WARN_UNGUARDED_AVAILABILITY = YES_AGGRESSIVE;
				CLANG_WARN_UNREACHABLE_CODE = YES;
				CLANG_WARN__DUPLICATE_METHOD_MATCH = YES;
				COPY_PHASE_STRIP = NO;
				DEBUG_INFORMATION_FORMAT = "dwarf-with-dsym";
				ENABLE_NS_ASSERTIONS = NO;
				ENABLE_STRICT_OBJC_MSGSEND = YES;
				GCC_C_LANGUAGE_STANDARD = gnu11;
				GCC_NO_COMMON_BLOCKS = YES;
				GCC_WARN_64_TO_32_BIT_CONVERSION = YES;
				GCC_WARN_ABOUT_RETURN_TYPE = YES_ERROR;
				GCC_WARN_UNDECLARED_SELECTOR = YES;
				GCC_WARN_UNINITIALIZED_AUTOS = YES_AGGRESSIVE;
				GCC_WARN_UNUSED_FUNCTION = YES;
				GCC_WARN_UNUSED_VARIABLE = YES;
				IPHONEOS_DEPLOYMENT_TARGET = 13.5;
				MTL_ENABLE_DEBUG_INFO = NO;
				MTL_FAST_MATH = YES;
				SDKROOT = iphoneos;
				SWIFT_COMPILATION_MODE = wholemodule;
				SWIFT_OPTIMIZATION_LEVEL = "-O";
				VALIDATE_PRODUCT = YES;
			};
			name = Release;
		};
		7F91C4E124DDC033006F1824 /* Debug */ = {
			isa = XCBuildConfiguration;
			baseConfigurationReference = C6BBCFF61D24C36059738443 /* Pods-FinanceApp.debug.xcconfig */;
			buildSettings = {
				ASSETCATALOG_COMPILER_APPICON_NAME = AppIcon;
				CLANG_ENABLE_MODULES = YES;
				CODE_SIGN_STYLE = Automatic;
				DEVELOPMENT_TEAM = 82K5B964E4;
				INFOPLIST_FILE = FinanceApp/Info.plist;
				LD_RUNPATH_SEARCH_PATHS = (
					"$(inherited)",
					"@executable_path/Frameworks",
				);
				PRODUCT_BUNDLE_IDENTIFIER = com.karshiganurlybek.FinanceApp;
				PRODUCT_NAME = "$(TARGET_NAME)";
				SWIFT_OPTIMIZATION_LEVEL = "-Onone";
				SWIFT_VERSION = 5.0;
				TARGETED_DEVICE_FAMILY = "1,2";
			};
			name = Debug;
		};
		7F91C4E224DDC033006F1824 /* Release */ = {
			isa = XCBuildConfiguration;
			baseConfigurationReference = 8F854FD96B9BD04146C64B56 /* Pods-FinanceApp.release.xcconfig */;
			buildSettings = {
				ASSETCATALOG_COMPILER_APPICON_NAME = AppIcon;
				CLANG_ENABLE_MODULES = YES;
				CODE_SIGN_STYLE = Automatic;
				DEVELOPMENT_TEAM = 82K5B964E4;
				INFOPLIST_FILE = FinanceApp/Info.plist;
				LD_RUNPATH_SEARCH_PATHS = (
					"$(inherited)",
					"@executable_path/Frameworks",
				);
				PRODUCT_BUNDLE_IDENTIFIER = com.karshiganurlybek.FinanceApp;
				PRODUCT_NAME = "$(TARGET_NAME)";
				SWIFT_VERSION = 5.0;
				TARGETED_DEVICE_FAMILY = "1,2";
			};
			name = Release;
		};
/* End XCBuildConfiguration section */

/* Begin XCConfigurationList section */
		7F91C4C424DDC030006F1824 /* Build configuration list for PBXProject "FinanceApp" */ = {
			isa = XCConfigurationList;
			buildConfigurations = (
				7F91C4DE24DDC033006F1824 /* Debug */,
				7F91C4DF24DDC033006F1824 /* Release */,
			);
			defaultConfigurationIsVisible = 0;
			defaultConfigurationName = Release;
		};
		7F91C4E024DDC033006F1824 /* Build configuration list for PBXNativeTarget "FinanceApp" */ = {
			isa = XCConfigurationList;
			buildConfigurations = (
				7F91C4E124DDC033006F1824 /* Debug */,
				7F91C4E224DDC033006F1824 /* Release */,
			);
			defaultConfigurationIsVisible = 0;
			defaultConfigurationName = Release;
		};
/* End XCConfigurationList section */

/* Begin XCVersionGroup section */
		7F91C4D524DDC030006F1824 /* FinanceApp.xcdatamodeld */ = {
			isa = XCVersionGroup;
			children = (
				7F91C4D624DDC030006F1824 /* FinanceApp.xcdatamodel */,
			);
			currentVersion = 7F91C4D624DDC030006F1824 /* FinanceApp.xcdatamodel */;
			path = FinanceApp.xcdatamodeld;
			sourceTree = "<group>";
			versionGroupType = wrapper.xcdatamodel;
		};
/* End XCVersionGroup section */
	};
	rootObject = 7F91C4C124DDC030006F1824 /* Project object */;
}
